
Microsoft Visual Studio Solution File, Format Version 12.00
# Visual Studio 15
VisualStudioVersion = 15.0.28010.2003
MinimumVisualStudioVersion = 10.0.40219.1
Project("{FAE04EC0-301F-11D3-BF4B-00C04F79EFBC}") = "finalProject", "finalProject\finalProject.csproj", "{6FF44DAA-6268-4F6E-B86F-616C5BF45BCB}"
EndProject
Global
	GlobalSection(SolutionConfigurationPlatforms) = preSolution
		Debug|Any CPU = Debug|Any CPU
		Release|Any CPU = Release|Any CPU
	EndGlobalSection
	GlobalSection(ProjectConfigurationPlatforms) = postSolution
		{6FF44DAA-6268-4F6E-B86F-616C5BF45BCB}.Debug|Any CPU.ActiveCfg = Debug|Any CPU
		{6FF44DAA-6268-4F6E-B86F-616C5BF45BCB}.Debug|Any CPU.Build.0 = Debug|Any CPU
		{6FF44DAA-6268-4F6E-B86F-616C5BF45BCB}.Release|Any CPU.ActiveCfg = Release|Any CPU
		{6FF44DAA-6268-4F6E-B86F-616C5BF45BCB}.Release|Any CPU.Build.0 = Release|Any CPU
	EndGlobalSection
	GlobalSection(SolutionProperties) = preSolution
		HideSolutionNode = FALSE
	EndGlobalSection
	GlobalSection(ExtensibilityGlobals) = postSolution
		SolutionGuid = {68D6F7E7-AF9B-46B4-B959-03107C9034B1}
	EndGlobalSection
EndGlobal
